
Microsoft Visual Studio Solution File, Format Version 12.00
# Visual Studio Version 17
VisualStudioVersion = 17.11.35312.102
MinimumVisualStudioVersion = 10.0.40219.1
Project("{FAE04EC0-301F-11D3-BF4B-00C04F79EFBC}") = "eBolnicaAPI", "eBolnicaAPI\eBolnicaAPI.csproj", "{7938A61D-FCBE-4CDB-AE11-8D906549AEB5}"
EndProject
Project("{2150E333-8FDC-42A3-9474-1A3956D46DE8}") = "Solution Items", "Solution Items", "{02EA681E-C7D8-13C7-8484-4AC65E1B71E8}"
	ProjectSection(SolutionItems) = preProject
		.editorconfig = .editorconfig
	EndProjectSection
EndProject
Project("{2150E333-8FDC-42A3-9474-1A3956D46DE8}") = "eBolnicaAPI", "eBolnicaAPI", "{33AF9998-9E4F-4DD3-9905-7B4B69338717}"
EndProject
Project("{FAE04EC0-301F-11D3-BF4B-00C04F79EFBC}") = "eBolnicaAPI.Tests", "eBolnicaAPI\eBolnicaAPI.Tests\eBolnicaAPI.Tests.csproj", "{93CDE43F-B691-40BC-8ECF-F677358E4E27}"
EndProject
Global
	GlobalSection(SolutionConfigurationPlatforms) = preSolution
		Debug|Any CPU = Debug|Any CPU
		Release|Any CPU = Release|Any CPU
	EndGlobalSection
	GlobalSection(ProjectConfigurationPlatforms) = postSolution
		{7938A61D-FCBE-4CDB-AE11-8D906549AEB5}.Debug|Any CPU.ActiveCfg = Debug|Any CPU
		{7938A61D-FCBE-4CDB-AE11-8D906549AEB5}.Debug|Any CPU.Build.0 = Debug|Any CPU
		{7938A61D-FCBE-4CDB-AE11-8D906549AEB5}.Release|Any CPU.ActiveCfg = Release|Any CPU
		{7938A61D-FCBE-4CDB-AE11-8D906549AEB5}.Release|Any CPU.Build.0 = Release|Any CPU
		{93CDE43F-B691-40BC-8ECF-F677358E4E27}.Debug|Any CPU.ActiveCfg = Debug|Any CPU
		{93CDE43F-B691-40BC-8ECF-F677358E4E27}.Debug|Any CPU.Build.0 = Debug|Any CPU
		{93CDE43F-B691-40BC-8ECF-F677358E4E27}.Release|Any CPU.ActiveCfg = Release|Any CPU
		{93CDE43F-B691-40BC-8ECF-F677358E4E27}.Release|Any CPU.Build.0 = Release|Any CPU
	EndGlobalSection
	GlobalSection(SolutionProperties) = preSolution
		HideSolutionNode = FALSE
	EndGlobalSection
	GlobalSection(ExtensibilityGlobals) = postSolution
		SolutionGuid = {5F9DCA16-F670-4FE2-9B19-61F288AF9C23}
	EndGlobalSection
	GlobalSection(NestedProjects) = preSolution
		{7938A61D-FCBE-4CDB-AE11-8D906549AEB5} = {33AF9998-9E4F-4DD3-9905-7B4B69338717}
		{93CDE43F-B691-40BC-8ECF-F677358E4E27} = {33AF9998-9E4F-4DD3-9905-7B4B69338717}
	EndGlobalSection
EndGlobal
